// !$*UTF8*$!
{
	archiveVersion = 1;
	classes = {
	};
	objectVersion = 46;
	objects = {

/* Begin PBXBuildFile section */
		3C02884618FF6BA8007CAD52 /* Foundation.framework in Frameworks */ = {isa = PBXBuildFile; fileRef = 3C02884518FF6BA8007CAD52 /* Foundation.framework */; };
		3C02884818FF6BA8007CAD52 /* CoreGraphics.framework in Frameworks */ = {isa = PBXBuildFile; fileRef = 3C02884718FF6BA8007CAD52 /* CoreGraphics.framework */; };
		3C02884A18FF6BA8007CAD52 /* UIKit.framework in Frameworks */ = {isa = PBXBuildFile; fileRef = 3C02884918FF6BA8007CAD52 /* UIKit.framework */; };
		3C02884C18FF6BA8007CAD52 /* CoreData.framework in Frameworks */ = {isa = PBXBuildFile; fileRef = 3C02884B18FF6BA8007CAD52 /* CoreData.framework */; };
		3C02885218FF6BA8007CAD52 /* InfoPlist.strings in Resources */ = {isa = PBXBuildFile; fileRef = 3C02885018FF6BA8007CAD52 /* InfoPlist.strings */; };
		3C02885418FF6BA8007CAD52 /* main.m in Sources */ = {isa = PBXBuildFile; fileRef = 3C02885318FF6BA8007CAD52 /* main.m */; };
		3C02885818FF6BA8007CAD52 /* SHAppDelegate.m in Sources */ = {isa = PBXBuildFile; fileRef = 3C02885718FF6BA8007CAD52 /* SHAppDelegate.m */; };
		3C02885B18FF6BA8007CAD52 /* StockHunter.xcdatamodeld in Sources */ = {isa = PBXBuildFile; fileRef = 3C02885918FF6BA8007CAD52 /* StockHunter.xcdatamodeld */; };
		3C02885D18FF6BA8007CAD52 /* Images.xcassets in Resources */ = {isa = PBXBuildFile; fileRef = 3C02885C18FF6BA8007CAD52 /* Images.xcassets */; };
		3C02886418FF6BA8007CAD52 /* XCTest.framework in Frameworks */ = {isa = PBXBuildFile; fileRef = 3C02886318FF6BA8007CAD52 /* XCTest.framework */; };
		3C02886518FF6BA8007CAD52 /* Foundation.framework in Frameworks */ = {isa = PBXBuildFile; fileRef = 3C02884518FF6BA8007CAD52 /* Foundation.framework */; };
		3C02886618FF6BA8007CAD52 /* UIKit.framework in Frameworks */ = {isa = PBXBuildFile; fileRef = 3C02884918FF6BA8007CAD52 /* UIKit.framework */; };
		3C02886718FF6BA8007CAD52 /* CoreData.framework in Frameworks */ = {isa = PBXBuildFile; fileRef = 3C02884B18FF6BA8007CAD52 /* CoreData.framework */; };
		3C02886F18FF6BA8007CAD52 /* InfoPlist.strings in Resources */ = {isa = PBXBuildFile; fileRef = 3C02886D18FF6BA8007CAD52 /* InfoPlist.strings */; };
		3C02887118FF6BA8007CAD52 /* StockHunterTests.m in Sources */ = {isa = PBXBuildFile; fileRef = 3C02887018FF6BA8007CAD52 /* StockHunterTests.m */; };
/* End PBXBuildFile section */

/* Begin PBXContainerItemProxy section */
		3C02886818FF6BA8007CAD52 /* PBXContainerItemProxy */ = {
			isa = PBXContainerItemProxy;
			containerPortal = 3C02883A18FF6BA8007CAD52 /* Project object */;
			proxyType = 1;
			remoteGlobalIDString = 3C02884118FF6BA8007CAD52;
			remoteInfo = StockHunter;
		};
/* End PBXContainerItemProxy section */

/* Begin PBXFileReference section */
		3C02884218FF6BA8007CAD52 /* StockHunter.app */ = {isa = PBXFileReference; explicitFileType = wrapper.application; includeInIndex = 0; path = StockHunter.app; sourceTree = BUILT_PRODUCTS_DIR; };
		3C02884518FF6BA8007CAD52 /* Foundation.framework */ = {isa = PBXFileReference; lastKnownFileType = wrapper.framework; name = Foundation.framework; path = System/Library/Frameworks/Foundation.framework; sourceTree = SDKROOT; };
		3C02884718FF6BA8007CAD52 /* CoreGraphics.framework */ = {isa = PBXFileReference; lastKnownFileType = wrapper.framework; name = CoreGraphics.framework; path = System/Library/Frameworks/CoreGraphics.framework; sourceTree = SDKROOT; };
		3C02884918FF6BA8007CAD52 /* UIKit.framework */ = {isa = PBXFileReference; lastKnownFileType = wrapper.framework; name = UIKit.framework; path = System/Library/Frameworks/UIKit.framework; sourceTree = SDKROOT; };
		3C02884B18FF6BA8007CAD52 /* CoreData.framework */ = {isa = PBXFileReference; lastKnownFileType = wrapper.framework; name = CoreData.framework; path = System/Library/Frameworks/CoreData.framework; sourceTree = SDKROOT; };
		3C02884F18FF6BA8007CAD52 /* StockHunter-Info.plist */ = {isa = PBXFileReference; lastKnownFileType = text.plist.xml; path = "StockHunter-Info.plist"; sourceTree = "<group>"; };
		3C02885118FF6BA8007CAD52 /* en */ = {isa = PBXFileReference; lastKnownFileType = text.plist.strings; name = en; path = en.lproj/InfoPlist.strings; sourceTree = "<group>"; };
		3C02885318FF6BA8007CAD52 /* main.m */ = {isa = PBXFileReference; lastKnownFileType = sourcecode.c.objc; path = main.m; sourceTree = "<group>"; };
		3C02885518FF6BA8007CAD52 /* StockHunter-Prefix.pch */ = {isa = PBXFileReference; lastKnownFileType = sourcecode.c.h; path = "StockHunter-Prefix.pch"; sourceTree = "<group>"; };
		3C02885618FF6BA8007CAD52 /* SHAppDelegate.h */ = {isa = PBXFileReference; lastKnownFileType = sourcecode.c.h; path = SHAppDelegate.h; sourceTree = "<group>"; };
		3C02885718FF6BA8007CAD52 /* SHAppDelegate.m */ = {isa = PBXFileReference; lastKnownFileType = sourcecode.c.objc; path = SHAppDelegate.m; sourceTree = "<group>"; };
		3C02885A18FF6BA8007CAD52 /* StockHunter.xcdatamodel */ = {isa = PBXFileReference; lastKnownFileType = wrapper.xcdatamodel; path = StockHunter.xcdatamodel; sourceTree = "<group>"; };
		3C02885C18FF6BA8007CAD52 /* Images.xcassets */ = {isa = PBXFileReference; lastKnownFileType = folder.assetcatalog; path = Images.xcassets; sourceTree = "<group>"; };
		3C02886218FF6BA8007CAD52 /* StockHunterTests.xctest */ = {isa = PBXFileReference; explicitFileType = wrapper.cfbundle; includeInIndex = 0; path = StockHunterTests.xctest; sourceTree = BUILT_PRODUCTS_DIR; };
		3C02886318FF6BA8007CAD52 /* XCTest.framework */ = {isa = PBXFileReference; lastKnownFileType = wrapper.framework; name = XCTest.framework; path = Library/Frameworks/XCTest.framework; sourceTree = DEVELOPER_DIR; };
		3C02886C18FF6BA8007CAD52 /* StockHunterTests-Info.plist */ = {isa = PBXFileReference; lastKnownFileType = text.plist.xml; path = "StockHunterTests-Info.plist"; sourceTree = "<group>"; };
		3C02886E18FF6BA8007CAD52 /* en */ = {isa = PBXFileReference; lastKnownFileType = text.plist.strings; name = en; path = en.lproj/InfoPlist.strings; sourceTree = "<group>"; };
		3C02887018FF6BA8007CAD52 /* StockHunterTests.m */ = {isa = PBXFileReference; lastKnownFileType = sourcecode.c.objc; path = StockHunterTests.m; sourceTree = "<group>"; };
/* End PBXFileReference section */

/* Begin PBXFrameworksBuildPhase section */
		3C02883F18FF6BA8007CAD52 /* Frameworks */ = {
			isa = PBXFrameworksBuildPhase;
			buildActionMask = 2147483647;
			files = (
				3C02884818FF6BA8007CAD52 /* CoreGraphics.framework in Frameworks */,
				3C02884C18FF6BA8007CAD52 /* CoreData.framework in Frameworks */,
				3C02884A18FF6BA8007CAD52 /* UIKit.framework in Frameworks */,
				3C02884618FF6BA8007CAD52 /* Foundation.framework in Frameworks */,
			);
			runOnlyForDeploymentPostprocessing = 0;
		};
		3C02885F18FF6BA8007CAD52 /* Frameworks */ = {
			isa = PBXFrameworksBuildPhase;
			buildActionMask = 2147483647;
			files = (
				3C02886418FF6BA8007CAD52 /* XCTest.framework in Frameworks */,
				3C02886718FF6BA8007CAD52 /* CoreData.framework in Frameworks */,
				3C02886618FF6BA8007CAD52 /* UIKit.framework in Frameworks */,
				3C02886518FF6BA8007CAD52 /* Foundation.framework in Frameworks */,
			);
			runOnlyForDeploymentPostprocessing = 0;
		};
/* End PBXFrameworksBuildPhase section */

/* Begin PBXGroup section */
		3C02883918FF6BA8007CAD52 = {
			isa = PBXGroup;
			children = (
				3C02884D18FF6BA8007CAD52 /* StockHunter */,
				3C02886A18FF6BA8007CAD52 /* StockHunterTests */,
				3C02884418FF6BA8007CAD52 /* Frameworks */,
				3C02884318FF6BA8007CAD52 /* Products */,
			);
			sourceTree = "<group>";
		};
		3C02884318FF6BA8007CAD52 /* Products */ = {
			isa = PBXGroup;
			children = (
				3C02884218FF6BA8007CAD52 /* StockHunter.app */,
				3C02886218FF6BA8007CAD52 /* StockHunterTests.xctest */,
			);
			name = Products;
			sourceTree = "<group>";
		};
		3C02884418FF6BA8007CAD52 /* Frameworks */ = {
			isa = PBXGroup;
			children = (
				3C02884518FF6BA8007CAD52 /* Foundation.framework */,
				3C02884718FF6BA8007CAD52 /* CoreGraphics.framework */,
				3C02884918FF6BA8007CAD52 /* UIKit.framework */,
				3C02884B18FF6BA8007CAD52 /* CoreData.framework */,
				3C02886318FF6BA8007CAD52 /* XCTest.framework */,
			);
			name = Frameworks;
			sourceTree = "<group>";
		};
		3C02884D18FF6BA8007CAD52 /* StockHunter */ = {
			isa = PBXGroup;
			children = (
				3C02885618FF6BA8007CAD52 /* SHAppDelegate.h */,
				3C02885718FF6BA8007CAD52 /* SHAppDelegate.m */,
				3C02885C18FF6BA8007CAD52 /* Images.xcassets */,
				3C02885918FF6BA8007CAD52 /* StockHunter.xcdatamodeld */,
				3C02884E18FF6BA8007CAD52 /* Supporting Files */,
			);
			path = StockHunter;
			sourceTree = "<group>";
		};
		3C02884E18FF6BA8007CAD52 /* Supporting Files */ = {
			isa = PBXGroup;
			children = (
				3C02884F18FF6BA8007CAD52 /* StockHunter-Info.plist */,
				3C02885018FF6BA8007CAD52 /* InfoPlist.strings */,
				3C02885318FF6BA8007CAD52 /* main.m */,
				3C02885518FF6BA8007CAD52 /* StockHunter-Prefix.pch */,
			);
			name = "Supporting Files";
			sourceTree = "<group>";
		};
		3C02886A18FF6BA8007CAD52 /* StockHunterTests */ = {
			isa = PBXGroup;
			children = (
				3C02887018FF6BA8007CAD52 /* StockHunterTests.m */,
				3C02886B18FF6BA8007CAD52 /* Supporting Files */,
			);
			path = StockHunterTests;
			sourceTree = "<group>";
		};
		3C02886B18FF6BA8007CAD52 /* Supporting Files */ = {
			isa = PBXGroup;
			children = (
				3C02886C18FF6BA8007CAD52 /* StockHunterTests-Info.plist */,
				3C02886D18FF6BA8007CAD52 /* InfoPlist.strings */,
			);
			name = "Supporting Files";
			sourceTree = "<group>";
		};
/* End PBXGroup section */

/* Begin PBXNativeTarget section */
		3C02884118FF6BA8007CAD52 /* StockHunter */ = {
			isa = PBXNativeTarget;
			buildConfigurationList = 3C02887418FF6BA8007CAD52 /* Build configuration list for PBXNativeTarget "StockHunter" */;
			buildPhases = (
				3C02883E18FF6BA8007CAD52 /* Sources */,
				3C02883F18FF6BA8007CAD52 /* Frameworks */,
				3C02884018FF6BA8007CAD52 /* Resources */,
			);
			buildRules = (
			);
			dependencies = (
			);
			name = StockHunter;
			productName = StockHunter;
			productReference = 3C02884218FF6BA8007CAD52 /* StockHunter.app */;
			productType = "com.apple.product-type.application";
		};
		3C02886118FF6BA8007CAD52 /* StockHunterTests */ = {
			isa = PBXNativeTarget;
			buildConfigurationList = 3C02887718FF6BA8007CAD52 /* Build configuration list for PBXNativeTarget "StockHunterTests" */;
			buildPhases = (
				3C02885E18FF6BA8007CAD52 /* Sources */,
				3C02885F18FF6BA8007CAD52 /* Frameworks */,
				3C02886018FF6BA8007CAD52 /* Resources */,
			);
			buildRules = (
			);
			dependencies = (
				3C02886918FF6BA8007CAD52 /* PBXTargetDependency */,
			);
			name = StockHunterTests;
			productName = StockHunterTests;
			productReference = 3C02886218FF6BA8007CAD52 /* StockHunterTests.xctest */;
			productType = "com.apple.product-type.bundle.unit-test";
		};
/* End PBXNativeTarget section */

/* Begin PBXProject section */
		3C02883A18FF6BA8007CAD52 /* Project object */ = {
			isa = PBXProject;
			attributes = {
				CLASSPREFIX = SH;
				LastUpgradeCheck = 0510;
				ORGANIZATIONNAME = baidu;
				TargetAttributes = {
					3C02886118FF6BA8007CAD52 = {
						TestTargetID = 3C02884118FF6BA8007CAD52;
					};
				};
			};
			buildConfigurationList = 3C02883D18FF6BA8007CAD52 /* Build configuration list for PBXProject "StockHunter" */;
			compatibilityVersion = "Xcode 3.2";
			developmentRegion = English;
			hasScannedForEncodings = 0;
			knownRegions = (
				en,
			);
			mainGroup = 3C02883918FF6BA8007CAD52;
			productRefGroup = 3C02884318FF6BA8007CAD52 /* Products */;
			projectDirPath = "";
			projectRoot = "";
			targets = (
				3C02884118FF6BA8007CAD52 /* StockHunter */,
				3C02886118FF6BA8007CAD52 /* StockHunterTests */,
			);
		};
/* End PBXProject section */

/* Begin PBXResourcesBuildPhase section */
		3C02884018FF6BA8007CAD52 /* Resources */ = {
			isa = PBXResourcesBuildPhase;
			buildActionMask = 2147483647;
			files = (
				3C02885218FF6BA8007CAD52 /* InfoPlist.strings in Resources */,
				3C02885D18FF6BA8007CAD52 /* Images.xcassets in Resources */,
			);
			runOnlyForDeploymentPostprocessing = 0;
		};
		3C02886018FF6BA8007CAD52 /* Resources */ = {
			isa = PBXResourcesBuildPhase;
			buildActionMask = 2147483647;
			files = (
				3C02886F18FF6BA8007CAD52 /* InfoPlist.strings in Resources */,
			);
			runOnlyForDeploymentPostprocessing = 0;
		};
/* End PBXResourcesBuildPhase section */

/* Begin PBXSourcesBuildPhase section */
		3C02883E18FF6BA8007CAD52 /* Sources */ = {
			isa = PBXSourcesBuildPhase;
			buildActionMask = 2147483647;
			files = (
				3C02885418FF6BA8007CAD52 /* main.m in Sources */,
				3C02885B18FF6BA8007CAD52 /* StockHunter.xcdatamodeld in Sources */,
				3C02885818FF6BA8007CAD52 /* SHAppDelegate.m in Sources */,
			);
			runOnlyForDeploymentPostprocessing = 0;
		};
		3C02885E18FF6BA8007CAD52 /* Sources */ = {
			isa = PBXSourcesBuildPhase;
			buildActionMask = 2147483647;
			files = (
				3C02887118FF6BA8007CAD52 /* StockHunterTests.m in Sources */,
			);
			runOnlyForDeploymentPostprocessing = 0;
		};
/* End PBXSourcesBuildPhase section */

/* Begin PBXTargetDependency section */
		3C02886918FF6BA8007CAD52 /* PBXTargetDependency */ = {
			isa = PBXTargetDependency;
			target = 3C02884118FF6BA8007CAD52 /* StockHunter */;
			targetProxy = 3C02886818FF6BA8007CAD52 /* PBXContainerItemProxy */;
		};
/* End PBXTargetDependency section */

/* Begin PBXVariantGroup section */
		3C02885018FF6BA8007CAD52 /* InfoPlist.strings */ = {
			isa = PBXVariantGroup;
			children = (
				3C02885118FF6BA8007CAD52 /* en */,
			);
			name = InfoPlist.strings;
			sourceTree = "<group>";
		};
		3C02886D18FF6BA8007CAD52 /* InfoPlist.strings */ = {
			isa = PBXVariantGroup;
			children = (
				3C02886E18FF6BA8007CAD52 /* en */,
			);
			name = InfoPlist.strings;
			sourceTree = "<group>";
		};
/* End PBXVariantGroup section */

/* Begin XCBuildConfiguration section */
		3C02887218FF6BA8007CAD52 /* Debug */ = {
			isa = XCBuildConfiguration;
			buildSettings = {
				ALWAYS_SEARCH_USER_PATHS = NO;
				CLANG_CXX_LANGUAGE_STANDARD = "gnu++0x";
				CLANG_CXX_LIBRARY = "libc++";
				CLANG_ENABLE_MODULES = YES;
				CLANG_ENABLE_OBJC_ARC = YES;
				CLANG_WARN_BOOL_CONVERSION = YES;
				CLANG_WARN_CONSTANT_CONVERSION = YES;
				CLANG_WARN_DIRECT_OBJC_ISA_USAGE = YES_ERROR;
				CLANG_WARN_EMPTY_BODY = YES;
				CLANG_WARN_ENUM_CONVERSION = YES;
				CLANG_WARN_INT_CONVERSION = YES;
				CLANG_WARN_OBJC_ROOT_CLASS = YES_ERROR;
				CLANG_WARN__DUPLICATE_METHOD_MATCH = YES;
				"CODE_SIGN_IDENTITY[sdk=iphoneos*]" = "iPhone Developer";
				COPY_PHASE_STRIP = NO;
				GCC_C_LANGUAGE_STANDARD = gnu99;
				GCC_DYNAMIC_NO_PIC = NO;
				GCC_OPTIMIZATION_LEVEL = 0;
				GCC_PREPROCESSOR_DEFINITIONS = (
					"DEBUG=1",
					"$(inherited)",
				);
				GCC_SYMBOLS_PRIVATE_EXTERN = NO;
				GCC_WARN_64_TO_32_BIT_CONVERSION = YES;
				GCC_WARN_ABOUT_RETURN_TYPE = YES_ERROR;
				GCC_WARN_UNDECLARED_SELECTOR = YES;
				GCC_WARN_UNINITIALIZED_AUTOS = YES_AGGRESSIVE;
				GCC_WARN_UNUSED_FUNCTION = YES;
				GCC_WARN_UNUSED_VARIABLE = YES;
				IPHONEOS_DEPLOYMENT_TARGET = 7.1;
				ONLY_ACTIVE_ARCH = YES;
				SDKROOT = iphoneos;
			};
			name = Debug;
		};
		3C02887318FF6BA8007CAD52 /* Release */ = {
			isa = XCBuildConfiguration;
			buildSettings = {
				ALWAYS_SEARCH_USER_PATHS = NO;
				CLANG_CXX_LANGUAGE_STANDARD = "gnu++0x";
				CLANG_CXX_LIBRARY = "libc++";
				CLANG_ENABLE_MODULES = YES;
				CLANG_ENABLE_OBJC_ARC = YES;
				CLANG_WARN_BOOL_CONVERSION = YES;
				CLANG_WARN_CONSTANT_CONVERSION = YES;
				CLANG_WARN_DIRECT_OBJC_ISA_USAGE = YES_ERROR;
				CLANG_WARN_EMPTY_BODY = YES;
				CLANG_WARN_ENUM_CONVERSION = YES;
				CLANG_WARN_INT_CONVERSION = YES;
				CLANG_WARN_OBJC_ROOT_CLASS = YES_ERROR;
				CLANG_WARN__DUPLICATE_METHOD_MATCH = YES;
				"CODE_SIGN_IDENTITY[sdk=iphoneos*]" = "iPhone Developer";
				COPY_PHASE_STRIP = YES;
				ENABLE_NS_ASSERTIONS = NO;
				GCC_C_LANGUAGE_STANDARD = gnu99;
				GCC_WARN_64_TO_32_BIT_CONVERSION = YES;
				GCC_WARN_ABOUT_RETURN_TYPE = YES_ERROR;
				GCC_WARN_UNDECLARED_SELECTOR = YES;
				GCC_WARN_UNINITIALIZED_AUTOS = YES_AGGRESSIVE;
				GCC_WARN_UNUSED_FUNCTION = YES;
				GCC_WARN_UNUSED_VARIABLE = YES;
				IPHONEOS_DEPLOYMENT_TARGET = 7.1;
				SDKROOT = iphoneos;
				VALIDATE_PRODUCT = YES;
			};
			name = Release;
		};
		3C02887518FF6BA8007CAD52 /* Debug */ = {
			isa = XCBuildConfiguration;
			buildSettings = {
				ASSETCATALOG_COMPILER_APPICON_NAME = AppIcon;
				ASSETCATALOG_COMPILER_LAUNCHIMAGE_NAME = LaunchImage;
				GCC_PRECOMPILE_PREFIX_HEADER = YES;
				GCC_PREFIX_HEADER = "StockHunter/StockHunter-Prefix.pch";
				INFOPLIST_FILE = "StockHunter/StockHunter-Info.plist";
				PRODUCT_NAME = "$(TARGET_NAME)";
				WRAPPER_EXTENSION = app;
			};
			name = Debug;
		};
		3C02887618FF6BA8007CAD52 /* Release */ = {
			isa = XCBuildConfiguration;
			buildSettings = {
				ASSETCATALOG_COMPILER_APPICON_NAME = AppIcon;
				ASSETCATALOG_COMPILER_LAUNCHIMAGE_NAME = LaunchImage;
				GCC_PRECOMPILE_PREFIX_HEADER = YES;
				GCC_PREFIX_HEADER = "StockHunter/StockHunter-Prefix.pch";
				INFOPLIST_FILE = "StockHunter/StockHunter-Info.plist";
				PRODUCT_NAME = "$(TARGET_NAME)";
				WRAPPER_EXTENSION = app;
			};
			name = Release;
		};
		3C02887818FF6BA8007CAD52 /* Debug */ = {
			isa = XCBuildConfiguration;
			buildSettings = {
				BUNDLE_LOADER = "$(BUILT_PRODUCTS_DIR)/StockHunter.app/StockHunter";
				FRAMEWORK_SEARCH_PATHS = (
					"$(SDKROOT)/Developer/Library/Frameworks",
					"$(inherited)",
					"$(DEVELOPER_FRAMEWORKS_DIR)",
				);
				GCC_PRECOMPILE_PREFIX_HEADER = YES;
				GCC_PREFIX_HEADER = "StockHunter/StockHunter-Prefix.pch";
				GCC_PREPROCESSOR_DEFINITIONS = (
					"DEBUG=1",
					"$(inherited)",
				);
				INFOPLIST_FILE = "StockHunterTests/StockHunterTests-Info.plist";
				PRODUCT_NAME = "$(TARGET_NAME)";
				TEST_HOST = "$(BUNDLE_LOADER)";
				WRAPPER_EXTENSION = xctest;
			};
			name = Debug;
		};
		3C02887918FF6BA8007CAD52 /* Release */ = {
			isa = XCBuildConfiguration;
			buildSettings = {
				BUNDLE_LOADER = "$(BUILT_PRODUCTS_DIR)/StockHunter.app/StockHunter";
				FRAMEWORK_SEARCH_PATHS = (
					"$(SDKROOT)/Developer/Library/Frameworks",
					"$(inherited)",
					"$(DEVELOPER_FRAMEWORKS_DIR)",
				);
				GCC_PRECOMPILE_PREFIX_HEADER = YES;
				GCC_PREFIX_HEADER = "StockHunter/StockHunter-Prefix.pch";
				INFOPLIST_FILE = "StockHunterTests/StockHunterTests-Info.plist";
				PRODUCT_NAME = "$(TARGET_NAME)";
				TEST_HOST = "$(BUNDLE_LOADER)";
				WRAPPER_EXTENSION = xctest;
			};
			name = Release;
		};
/* End XCBuildConfiguration section */

/* Begin XCConfigurationList section */
		3C02883D18FF6BA8007CAD52 /* Build configuration list for PBXProject "StockHunter" */ = {
			isa = XCConfigurationList;
			buildConfigurations = (
				3C02887218FF6BA8007CAD52 /* Debug */,
				3C02887318FF6BA8007CAD52 /* Release */,
			);
			defaultConfigurationIsVisible = 0;
			defaultConfigurationName = Release;
		};
		3C02887418FF6BA8007CAD52 /* Build configuration list for PBXNativeTarget "StockHunter" */ = {
			isa = XCConfigurationList;
			buildConfigurations = (
				3C02887518FF6BA8007CAD52 /* Debug */,
				3C02887618FF6BA8007CAD52 /* Release */,
			);
			defaultConfigurationIsVisible = 0;
		};
		3C02887718FF6BA8007CAD52 /* Build configuration list for PBXNativeTarget "StockHunterTests" */ = {
			isa = XCConfigurationList;
			buildConfigurations = (
				3C02887818FF6BA8007CAD52 /* Debug */,
				3C02887918FF6BA8007CAD52 /* Release */,
			);
			defaultConfigurationIsVisible = 0;
		};
/* End XCConfigurationList section */

/* Begin XCVersionGroup section */
		3C02885918FF6BA8007CAD52 /* StockHunter.xcdatamodeld */ = {
			isa = XCVersionGroup;
			children = (
				3C02885A18FF6BA8007CAD52 /* StockHunter.xcdatamodel */,
			);
			currentVersion = 3C02885A18FF6BA8007CAD52 /* StockHunter.xcdatamodel */;
			path = StockHunter.xcdatamodeld;
			sourceTree = "<group>";
			versionGroupType = wrapper.xcdatamodel;
		};
/* End XCVersionGroup section */
	};
	rootObject = 3C02883A18FF6BA8007CAD52 /* Project object */;
}
